
Microsoft Visual Studio Solution File, Format Version 12.00
# Visual Studio Version 16
VisualStudioVersion = 16.0.29509.3
MinimumVisualStudioVersion = 10.0.40219.1
Project("{FAE04EC0-301F-11D3-BF4B-00C04F79EFBC}") = "Ejemplo", "Ejemplo\Ejemplo.csproj", "{B7DD90DC-947F-40FF-ACB6-4F1014E8A20A}"
EndProject
Global
	GlobalSection(SolutionConfigurationPlatforms) = preSolution
		Debug|Any CPU = Debug|Any CPU
		Release|Any CPU = Release|Any CPU
	EndGlobalSection
	GlobalSection(ProjectConfigurationPlatforms) = postSolution
		{B7DD90DC-947F-40FF-ACB6-4F1014E8A20A}.Debug|Any CPU.ActiveCfg = Debug|Any CPU
		{B7DD90DC-947F-40FF-ACB6-4F1014E8A20A}.Debug|Any CPU.Build.0 = Debug|Any CPU
		{B7DD90DC-947F-40FF-ACB6-4F1014E8A20A}.Release|Any CPU.ActiveCfg = Release|Any CPU
		{B7DD90DC-947F-40FF-ACB6-4F1014E8A20A}.Release|Any CPU.Build.0 = Release|Any CPU
	EndGlobalSection
	GlobalSection(SolutionProperties) = preSolution
		HideSolutionNode = FALSE
	EndGlobalSection
	GlobalSection(ExtensibilityGlobals) = postSolution
		SolutionGuid = {0314BAB0-56C4-4D7E-BBA9-7D8A5ACFEEB8}
	EndGlobalSection
EndGlobal
